
Microsoft Visual Studio Solution File, Format Version 12.00
# Visual Studio Version 16
VisualStudioVersion = 16.0.31105.61
MinimumVisualStudioVersion = 10.0.40219.1
Project("{FAE04EC0-301F-11D3-BF4B-00C04F79EFBC}") = "NewLauncher", "NewLauncher\NewLauncher.csproj", "{4437C879-68EB-4B9E-8C17-DADE6CFB7866}"
EndProject
Global
	GlobalSection(SolutionConfigurationPlatforms) = preSolution
		Debug|Any CPU = Debug|Any CPU
		Release|Any CPU = Release|Any CPU
	EndGlobalSection
	GlobalSection(ProjectConfigurationPlatforms) = postSolution
		{4437C879-68EB-4B9E-8C17-DADE6CFB7866}.Debug|Any CPU.ActiveCfg = Debug|Any CPU
		{4437C879-68EB-4B9E-8C17-DADE6CFB7866}.Debug|Any CPU.Build.0 = Debug|Any CPU
		{4437C879-68EB-4B9E-8C17-DADE6CFB7866}.Release|Any CPU.ActiveCfg = Release|Any CPU
		{4437C879-68EB-4B9E-8C17-DADE6CFB7866}.Release|Any CPU.Build.0 = Release|Any CPU
	EndGlobalSection
	GlobalSection(SolutionProperties) = preSolution
		HideSolutionNode = FALSE
	EndGlobalSection
	GlobalSection(ExtensibilityGlobals) = postSolution
		SolutionGuid = {7C2EF3CF-7198-4EE4-83EA-F54D8C7D3E04}
	EndGlobalSection
EndGlobal
